
Microsoft Visual Studio Solution File, Format Version 12.00
# Visual Studio Version 16
VisualStudioVersion = 16.0.30114.105
MinimumVisualStudioVersion = 10.0.40219.1
Project("{FAE04EC0-301F-11D3-BF4B-00C04F79EFBC}") = "API", "API\API.csproj", "{9060F1DB-589B-48CF-9F73-54430E962642}"
EndProject
Project("{FAE04EC0-301F-11D3-BF4B-00C04F79EFBC}") = "Application", "Application\Application.csproj", "{77EA8118-1D13-46FC-94D7-851286AA05A4}"
EndProject
Project("{FAE04EC0-301F-11D3-BF4B-00C04F79EFBC}") = "Domain", "Domain\Domain.csproj", "{570FACC1-2471-4569-9A0B-CC0CEA16B6D8}"
EndProject
Project("{FAE04EC0-301F-11D3-BF4B-00C04F79EFBC}") = "Persistence", "Persistence\Persistence.csproj", "{CE0FA994-7F82-463D-8863-AE1083954453}"
EndProject
Global
	GlobalSection(SolutionConfigurationPlatforms) = preSolution
		Debug|Any CPU = Debug|Any CPU
		Debug|x64 = Debug|x64
		Debug|x86 = Debug|x86
		Release|Any CPU = Release|Any CPU
		Release|x64 = Release|x64
		Release|x86 = Release|x86
	EndGlobalSection
	GlobalSection(SolutionProperties) = preSolution
		HideSolutionNode = FALSE
	EndGlobalSection
	GlobalSection(ProjectConfigurationPlatforms) = postSolution
		{9060F1DB-589B-48CF-9F73-54430E962642}.Debug|Any CPU.ActiveCfg = Debug|Any CPU
		{9060F1DB-589B-48CF-9F73-54430E962642}.Debug|Any CPU.Build.0 = Debug|Any CPU
		{9060F1DB-589B-48CF-9F73-54430E962642}.Debug|x64.ActiveCfg = Debug|Any CPU
		{9060F1DB-589B-48CF-9F73-54430E962642}.Debug|x64.Build.0 = Debug|Any CPU
		{9060F1DB-589B-48CF-9F73-54430E962642}.Debug|x86.ActiveCfg = Debug|Any CPU
		{9060F1DB-589B-48CF-9F73-54430E962642}.Debug|x86.Build.0 = Debug|Any CPU
		{9060F1DB-589B-48CF-9F73-54430E962642}.Release|Any CPU.ActiveCfg = Release|Any CPU
		{9060F1DB-589B-48CF-9F73-54430E962642}.Release|Any CPU.Build.0 = Release|Any CPU
		{9060F1DB-589B-48CF-9F73-54430E962642}.Release|x64.ActiveCfg = Release|Any CPU
		{9060F1DB-589B-48CF-9F73-54430E962642}.Release|x64.Build.0 = Release|Any CPU
		{9060F1DB-589B-48CF-9F73-54430E962642}.Release|x86.ActiveCfg = Release|Any CPU
		{9060F1DB-589B-48CF-9F73-54430E962642}.Release|x86.Build.0 = Release|Any CPU
		{77EA8118-1D13-46FC-94D7-851286AA05A4}.Debug|Any CPU.ActiveCfg = Debug|Any CPU
		{77EA8118-1D13-46FC-94D7-851286AA05A4}.Debug|Any CPU.Build.0 = Debug|Any CPU
		{77EA8118-1D13-46FC-94D7-851286AA05A4}.Debug|x64.ActiveCfg = Debug|Any CPU
		{77EA8118-1D13-46FC-94D7-851286AA05A4}.Debug|x64.Build.0 = Debug|Any CPU
		{77EA8118-1D13-46FC-94D7-851286AA05A4}.Debug|x86.ActiveCfg = Debug|Any CPU
		{77EA8118-1D13-46FC-94D7-851286AA05A4}.Debug|x86.Build.0 = Debug|Any CPU
		{77EA8118-1D13-46FC-94D7-851286AA05A4}.Release|Any CPU.ActiveCfg = Release|Any CPU
		{77EA8118-1D13-46FC-94D7-851286AA05A4}.Release|Any CPU.Build.0 = Release|Any CPU
		{77EA8118-1D13-46FC-94D7-851286AA05A4}.Release|x64.ActiveCfg = Release|Any CPU
		{77EA8118-1D13-46FC-94D7-851286AA05A4}.Release|x64.Build.0 = Release|Any CPU
		{77EA8118-1D13-46FC-94D7-851286AA05A4}.Release|x86.ActiveCfg = Release|Any CPU
		{77EA8118-1D13-46FC-94D7-851286AA05A4}.Release|x86.Build.0 = Release|Any CPU
		{570FACC1-2471-4569-9A0B-CC0CEA16B6D8}.Debug|Any CPU.ActiveCfg = Debug|Any CPU
		{570FACC1-2471-4569-9A0B-CC0CEA16B6D8}.Debug|Any CPU.Build.0 = Debug|Any CPU
		{570FACC1-2471-4569-9A0B-CC0CEA16B6D8}.Debug|x64.ActiveCfg = Debug|Any CPU
		{570FACC1-2471-4569-9A0B-CC0CEA16B6D8}.Debug|x64.Build.0 = Debug|Any CPU
		{570FACC1-2471-4569-9A0B-CC0CEA16B6D8}.Debug|x86.ActiveCfg = Debug|Any CPU
		{570FACC1-2471-4569-9A0B-CC0CEA16B6D8}.Debug|x86.Build.0 = Debug|Any CPU
		{570FACC1-2471-4569-9A0B-CC0CEA16B6D8}.Release|Any CPU.ActiveCfg = Release|Any CPU
		{570FACC1-2471-4569-9A0B-CC0CEA16B6D8}.Release|Any CPU.Build.0 = Release|Any CPU
		{570FACC1-2471-4569-9A0B-CC0CEA16B6D8}.Release|x64.ActiveCfg = Release|Any CPU
		{570FACC1-2471-4569-9A0B-CC0CEA16B6D8}.Release|x64.Build.0 = Release|Any CPU
		{570FACC1-2471-4569-9A0B-CC0CEA16B6D8}.Release|x86.ActiveCfg = Release|Any CPU
		{570FACC1-2471-4569-9A0B-CC0CEA16B6D8}.Release|x86.Build.0 = Release|Any CPU
		{CE0FA994-7F82-463D-8863-AE1083954453}.Debug|Any CPU.ActiveCfg = Debug|Any CPU
		{CE0FA994-7F82-463D-8863-AE1083954453}.Debug|Any CPU.Build.0 = Debug|Any CPU
		{CE0FA994-7F82-463D-8863-AE1083954453}.Debug|x64.ActiveCfg = Debug|Any CPU
		{CE0FA994-7F82-463D-8863-AE1083954453}.Debug|x64.Build.0 = Debug|Any CPU
		{CE0FA994-7F82-463D-8863-AE1083954453}.Debug|x86.ActiveCfg = Debug|Any CPU
		{CE0FA994-7F82-463D-8863-AE1083954453}.Debug|x86.Build.0 = Debug|Any CPU
		{CE0FA994-7F82-463D-8863-AE1083954453}.Release|Any CPU.ActiveCfg = Release|Any CPU
		{CE0FA994-7F82-463D-8863-AE1083954453}.Release|Any CPU.Build.0 = Release|Any CPU
		{CE0FA994-7F82-463D-8863-AE1083954453}.Release|x64.ActiveCfg = Release|Any CPU
		{CE0FA994-7F82-463D-8863-AE1083954453}.Release|x64.Build.0 = Release|Any CPU
		{CE0FA994-7F82-463D-8863-AE1083954453}.Release|x86.ActiveCfg = Release|Any CPU
		{CE0FA994-7F82-463D-8863-AE1083954453}.Release|x86.Build.0 = Release|Any CPU
	EndGlobalSection
EndGlobal
